
Microsoft Visual Studio Solution File, Format Version 12.00
# Visual Studio Version 17
VisualStudioVersion = 17.3.32901.215
MinimumVisualStudioVersion = 10.0.40219.1
Project("{FAE04EC0-301F-11D3-BF4B-00C04F79EFBC}") = "ASM2_Library", "ASM2_Library\ASM2_Library.csproj", "{4FEB1750-AF1E-4461-8FC7-A8724CDD30E7}"
EndProject
Global
	GlobalSection(SolutionConfigurationPlatforms) = preSolution
		Debug|Any CPU = Debug|Any CPU
		Release|Any CPU = Release|Any CPU
	EndGlobalSection
	GlobalSection(ProjectConfigurationPlatforms) = postSolution
		{4FEB1750-AF1E-4461-8FC7-A8724CDD30E7}.Debug|Any CPU.ActiveCfg = Debug|Any CPU
		{4FEB1750-AF1E-4461-8FC7-A8724CDD30E7}.Debug|Any CPU.Build.0 = Debug|Any CPU
		{4FEB1750-AF1E-4461-8FC7-A8724CDD30E7}.Release|Any CPU.ActiveCfg = Release|Any CPU
		{4FEB1750-AF1E-4461-8FC7-A8724CDD30E7}.Release|Any CPU.Build.0 = Release|Any CPU
	EndGlobalSection
	GlobalSection(SolutionProperties) = preSolution
		HideSolutionNode = FALSE
	EndGlobalSection
	GlobalSection(ExtensibilityGlobals) = postSolution
		SolutionGuid = {682E49B2-7F94-4CE7-A72E-ED345791593F}
	EndGlobalSection
EndGlobal
